// !$*UTF8*$!
{
	archiveVersion = 1;
	classes = {
	};
	objectVersion = 46;
	objects = {

/* Begin PBXBuildFile section */
		95286A6E1F65FAD600A28F95 /* main.c in Sources */ = {isa = PBXBuildFile; fileRef = 95286A6D1F65FAD600A28F95 /* main.c */; };
		9549E5B01F9D466F00A2DA60 /* request_handlers.c in Sources */ = {isa = PBXBuildFile; fileRef = 9549E5AF1F9D466E00A2DA60 /* request_handlers.c */; };
		9549E5B31F9D473800A2DA60 /* utils.c in Sources */ = {isa = PBXBuildFile; fileRef = 9549E5B21F9D473800A2DA60 /* utils.c */; };
		9549E5B61F9D569A00A2DA60 /* server.c in Sources */ = {isa = PBXBuildFile; fileRef = 9549E5B51F9D569A00A2DA60 /* server.c */; };
		955465A11FAF614F00C3CDC8 /* threadpool.c in Sources */ = {isa = PBXBuildFile; fileRef = 955465A01FAF614F00C3CDC8 /* threadpool.c */; };
/* End PBXBuildFile section */

/* Begin PBXCopyFilesBuildPhase section */
		95286A681F65FAD600A28F95 /* CopyFiles */ = {
			isa = PBXCopyFilesBuildPhase;
			buildActionMask = 2147483647;
			dstPath = /usr/share/man/man1/;
			dstSubfolderSpec = 0;
			files = (
			);
			runOnlyForDeploymentPostprocessing = 1;
		};
/* End PBXCopyFilesBuildPhase section */

/* Begin PBXFileReference section */
		95286A6A1F65FAD600A28F95 /* Server */ = {isa = PBXFileReference; explicitFileType = "compiled.mach-o.executable"; includeInIndex = 0; path = Server; sourceTree = BUILT_PRODUCTS_DIR; };
		95286A6D1F65FAD600A28F95 /* main.c */ = {isa = PBXFileReference; lastKnownFileType = sourcecode.c.c; path = main.c; sourceTree = "<group>"; };
		95286A891F67135A00A28F95 /* main.h */ = {isa = PBXFileReference; lastKnownFileType = sourcecode.c.h; path = main.h; sourceTree = "<group>"; };
		9539705C1FB3DCBC007FF86A /* cat.jpg */ = {isa = PBXFileReference; lastKnownFileType = image.jpeg; path = cat.jpg; sourceTree = "<group>"; };
		9549E5AE1F9D466E00A2DA60 /* request_handlers.h */ = {isa = PBXFileReference; lastKnownFileType = sourcecode.c.h; path = request_handlers.h; sourceTree = "<group>"; };
		9549E5AF1F9D466E00A2DA60 /* request_handlers.c */ = {isa = PBXFileReference; lastKnownFileType = sourcecode.c.c; path = request_handlers.c; sourceTree = "<group>"; };
		9549E5B11F9D473800A2DA60 /* utils.h */ = {isa = PBXFileReference; lastKnownFileType = sourcecode.c.h; path = utils.h; sourceTree = "<group>"; };
		9549E5B21F9D473800A2DA60 /* utils.c */ = {isa = PBXFileReference; lastKnownFileType = sourcecode.c.c; path = utils.c; sourceTree = "<group>"; };
		9549E5B41F9D569A00A2DA60 /* server.h */ = {isa = PBXFileReference; lastKnownFileType = sourcecode.c.h; path = server.h; sourceTree = "<group>"; };
		9549E5B51F9D569A00A2DA60 /* server.c */ = {isa = PBXFileReference; lastKnownFileType = sourcecode.c.c; path = server.c; sourceTree = "<group>"; };
		9554659F1FAF614E00C3CDC8 /* threadpool.h */ = {isa = PBXFileReference; fileEncoding = 4; lastKnownFileType = sourcecode.c.h; path = threadpool.h; sourceTree = "<group>"; };
		955465A01FAF614F00C3CDC8 /* threadpool.c */ = {isa = PBXFileReference; fileEncoding = 4; lastKnownFileType = sourcecode.c.c; path = threadpool.c; sourceTree = "<group>"; };
/* End PBXFileReference section */

/* Begin PBXFrameworksBuildPhase section */
		95286A671F65FAD600A28F95 /* Frameworks */ = {
			isa = PBXFrameworksBuildPhase;
			buildActionMask = 2147483647;
			files = (
			);
			runOnlyForDeploymentPostprocessing = 0;
		};
/* End PBXFrameworksBuildPhase section */

/* Begin PBXGroup section */
		95286A611F65FAD600A28F95 = {
			isa = PBXGroup;
			children = (
				95286A6C1F65FAD600A28F95 /* Server */,
				95286A6B1F65FAD600A28F95 /* Products */,
			);
			sourceTree = "<group>";
		};
		95286A6B1F65FAD600A28F95 /* Products */ = {
			isa = PBXGroup;
			children = (
				95286A6A1F65FAD600A28F95 /* Server */,
			);
			name = Products;
			sourceTree = "<group>";
		};
		95286A6C1F65FAD600A28F95 /* Server */ = {
			isa = PBXGroup;
			children = (
				9539705C1FB3DCBC007FF86A /* cat.jpg */,
				955465A01FAF614F00C3CDC8 /* threadpool.c */,
				9554659F1FAF614E00C3CDC8 /* threadpool.h */,
				95286A6D1F65FAD600A28F95 /* main.c */,
				95286A891F67135A00A28F95 /* main.h */,
				9549E5B41F9D569A00A2DA60 /* server.h */,
				9549E5B51F9D569A00A2DA60 /* server.c */,
				9549E5AE1F9D466E00A2DA60 /* request_handlers.h */,
				9549E5AF1F9D466E00A2DA60 /* request_handlers.c */,
				9549E5B11F9D473800A2DA60 /* utils.h */,
				9549E5B21F9D473800A2DA60 /* utils.c */,
			);
			path = Server;
			sourceTree = "<group>";
		};
/* End PBXGroup section */

/* Begin PBXNativeTarget section */
		95286A691F65FAD600A28F95 /* Server */ = {
			isa = PBXNativeTarget;
			buildConfigurationList = 95286A711F65FAD600A28F95 /* Build configuration list for PBXNativeTarget "Server" */;
			buildPhases = (
				95286A661F65FAD600A28F95 /* Sources */,
				95286A671F65FAD600A28F95 /* Frameworks */,
				95286A681F65FAD600A28F95 /* CopyFiles */,
			);
			buildRules = (
			);
			dependencies = (
			);
			name = Server;
			productName = Server;
			productReference = 95286A6A1F65FAD600A28F95 /* Server */;
			productType = "com.apple.product-type.tool";
		};
/* End PBXNativeTarget section */

/* Begin PBXProject section */
		95286A621F65FAD600A28F95 /* Project object */ = {
			isa = PBXProject;
			attributes = {
				LastUpgradeCheck = 0900;
				ORGANIZATIONNAME = "Juan Amari";
				TargetAttributes = {
					95286A691F65FAD600A28F95 = {
						CreatedOnToolsVersion = 8.3.3;
						ProvisioningStyle = Automatic;
					};
				};
			};
			buildConfigurationList = 95286A651F65FAD600A28F95 /* Build configuration list for PBXProject "Server" */;
			compatibilityVersion = "Xcode 3.2";
			developmentRegion = English;
			hasScannedForEncodings = 0;
			knownRegions = (
				en,
			);
			mainGroup = 95286A611F65FAD600A28F95;
			productRefGroup = 95286A6B1F65FAD600A28F95 /* Products */;
			projectDirPath = "";
			projectRoot = "";
			targets = (
				95286A691F65FAD600A28F95 /* Server */,
			);
		};
/* End PBXProject section */

/* Begin PBXSourcesBuildPhase section */
		95286A661F65FAD600A28F95 /* Sources */ = {
			isa = PBXSourcesBuildPhase;
			buildActionMask = 2147483647;
			files = (
				955465A11FAF614F00C3CDC8 /* threadpool.c in Sources */,
				9549E5B31F9D473800A2DA60 /* utils.c in Sources */,
				9549E5B01F9D466F00A2DA60 /* request_handlers.c in Sources */,
				9549E5B61F9D569A00A2DA60 /* server.c in Sources */,
				95286A6E1F65FAD600A28F95 /* main.c in Sources */,
			);
			runOnlyForDeploymentPostprocessing = 0;
		};
/* End PBXSourcesBuildPhase section */

/* Begin XCBuildConfiguration section */
		95286A6F1F65FAD600A28F95 /* Debug */ = {
			isa = XCBuildConfiguration;
			buildSettings = {
				ALWAYS_SEARCH_USER_PATHS = NO;
				CLANG_ANALYZER_NONNULL = YES;
				CLANG_ANALYZER_NUMBER_OBJECT_CONVERSION = YES_AGGRESSIVE;
				CLANG_CXX_LANGUAGE_STANDARD = "gnu++0x";
				CLANG_CXX_LIBRARY = "libc++";
				CLANG_ENABLE_MODULES = YES;
				CLANG_ENABLE_OBJC_ARC = YES;
				CLANG_WARN_BLOCK_CAPTURE_AUTORELEASING = YES;
				CLANG_WARN_BOOL_CONVERSION = YES;
				CLANG_WARN_COMMA = YES;
				CLANG_WARN_CONSTANT_CONVERSION = YES;
				CLANG_WARN_DIRECT_OBJC_ISA_USAGE = YES_ERROR;
				CLANG_WARN_DOCUMENTATION_COMMENTS = YES;
				CLANG_WARN_EMPTY_BODY = YES;
				CLANG_WARN_ENUM_CONVERSION = YES;
				CLANG_WARN_INFINITE_RECURSION = YES;
				CLANG_WARN_INT_CONVERSION = YES;
				CLANG_WARN_NON_LITERAL_NULL_CONVERSION = YES;
				CLANG_WARN_OBJC_LITERAL_CONVERSION = YES;
				CLANG_WARN_OBJC_ROOT_CLASS = YES_ERROR;
				CLANG_WARN_RANGE_LOOP_ANALYSIS = YES;
				CLANG_WARN_STRICT_PROTOTYPES = YES;
				CLANG_WARN_SUSPICIOUS_MOVE = YES;
				CLANG_WARN_UNREACHABLE_CODE = YES;
				CLANG_WARN__DUPLICATE_METHOD_MATCH = YES;
				CODE_SIGN_IDENTITY = "-";
				COPY_PHASE_STRIP = NO;
				DEBUG_INFORMATION_FORMAT = dwarf;
				ENABLE_STRICT_OBJC_MSGSEND = YES;
				ENABLE_TESTABILITY = YES;
				GCC_C_LANGUAGE_STANDARD = gnu99;
				GCC_DYNAMIC_NO_PIC = NO;
				GCC_NO_COMMON_BLOCKS = YES;
				GCC_OPTIMIZATION_LEVEL = 0;
				GCC_PREPROCESSOR_DEFINITIONS = (
					"DEBUG=1",
					"$(inherited)",
				);
				GCC_WARN_64_TO_32_BIT_CONVERSION = YES;
				GCC_WARN_ABOUT_RETURN_TYPE = YES_ERROR;
				GCC_WARN_UNDECLARED_SELECTOR = YES;
				GCC_WARN_UNINITIALIZED_AUTOS = YES_AGGRESSIVE;
				GCC_WARN_UNUSED_FUNCTION = YES;
				GCC_WARN_UNUSED_VARIABLE = YES;
				MACOSX_DEPLOYMENT_TARGET = 10.12;
				MTL_ENABLE_DEBUG_INFO = YES;
				ONLY_ACTIVE_ARCH = YES;
				SDKROOT = macosx;
			};
			name = Debug;
		};
		95286A701F65FAD600A28F95 /* Release */ = {
			isa = XCBuildConfiguration;
			buildSettings = {
				ALWAYS_SEARCH_USER_PATHS = NO;
				CLANG_ANALYZER_NONNULL = YES;
				CLANG_ANALYZER_NUMBER_OBJECT_CONVERSION = YES_AGGRESSIVE;
				CLANG_CXX_LANGUAGE_STANDARD = "gnu++0x";
				CLANG_CXX_LIBRARY = "libc++";
				CLANG_ENABLE_MODULES = YES;
				CLANG_ENABLE_OBJC_ARC = YES;
				CLANG_WARN_BLOCK_CAPTURE_AUTORELEASING = YES;
				CLANG_WARN_BOOL_CONVERSION = YES;
				CLANG_WARN_COMMA = YES;
				CLANG_WARN_CONSTANT_CONVERSION = YES;
				CLANG_WARN_DIRECT_OBJC_ISA_USAGE = YES_ERROR;
				CLANG_WARN_DOCUMENTATION_COMMENTS = YES;
				CLANG_WARN_EMPTY_BODY = YES;
				CLANG_WARN_ENUM_CONVERSION = YES;
				CLANG_WARN_INFINITE_RECURSION = YES;
				CLANG_WARN_INT_CONVERSION = YES;
				CLANG_WARN_NON_LITERAL_NULL_CONVERSION = YES;
				CLANG_WARN_OBJC_LITERAL_CONVERSION = YES;
				CLANG_WARN_OBJC_ROOT_CLASS = YES_ERROR;
				CLANG_WARN_RANGE_LOOP_ANALYSIS = YES;
				CLANG_WARN_STRICT_PROTOTYPES = YES;
				CLANG_WARN_SUSPICIOUS_MOVE = YES;
				CLANG_WARN_UNREACHABLE_CODE = YES;
				CLANG_WARN__DUPLICATE_METHOD_MATCH = YES;
				CODE_SIGN_IDENTITY = "-";
				COPY_PHASE_STRIP = NO;
				DEBUG_INFORMATION_FORMAT = "dwarf-with-dsym";
				ENABLE_NS_ASSERTIONS = NO;
				ENABLE_STRICT_OBJC_MSGSEND = YES;
				GCC_C_LANGUAGE_STANDARD = gnu99;
				GCC_NO_COMMON_BLOCKS = YES;
				GCC_WARN_64_TO_32_BIT_CONVERSION = YES;
				GCC_WARN_ABOUT_RETURN_TYPE = YES_ERROR;
				GCC_WARN_UNDECLARED_SELECTOR = YES;
				GCC_WARN_UNINITIALIZED_AUTOS = YES_AGGRESSIVE;
				GCC_WARN_UNUSED_FUNCTION = YES;
				GCC_WARN_UNUSED_VARIABLE = YES;
				MACOSX_DEPLOYMENT_TARGET = 10.12;
				MTL_ENABLE_DEBUG_INFO = NO;
				SDKROOT = macosx;
			};
			name = Release;
		};
		95286A721F65FAD600A28F95 /* Debug */ = {
			isa = XCBuildConfiguration;
			buildSettings = {
				PRODUCT_NAME = "$(TARGET_NAME)";
			};
			name = Debug;
		};
		95286A731F65FAD600A28F95 /* Release */ = {
			isa = XCBuildConfiguration;
			buildSettings = {
				PRODUCT_NAME = "$(TARGET_NAME)";
			};
			name = Release;
		};
/* End XCBuildConfiguration section */

/* Begin XCConfigurationList section */
		95286A651F65FAD600A28F95 /* Build configuration list for PBXProject "Server" */ = {
			isa = XCConfigurationList;
			buildConfigurations = (
				95286A6F1F65FAD600A28F95 /* Debug */,
				95286A701F65FAD600A28F95 /* Release */,
			);
			defaultConfigurationIsVisible = 0;
			defaultConfigurationName = Release;
		};
		95286A711F65FAD600A28F95 /* Build configuration list for PBXNativeTarget "Server" */ = {
			isa = XCConfigurationList;
			buildConfigurations = (
				95286A721F65FAD600A28F95 /* Debug */,
				95286A731F65FAD600A28F95 /* Release */,
			);
			defaultConfigurationIsVisible = 0;
			defaultConfigurationName = Release;
		};
/* End XCConfigurationList section */
	};
	rootObject = 95286A621F65FAD600A28F95 /* Project object */;
}
